<?xml version="1.0" encoding="UTF-8" standalone="yes" ?>
<CodeBlocks_project_file>
	<FileVersion major="1" minor="6" />
	<Project>
		<Option title="Khazad" />
		<Option platforms="Unix;" />
		<Option pch_mode="2" />
		<Option compiler="gcc" />
		<Build>
			<Target title="Debug">
				<Option output="output/khazad" prefix_auto="1" extension_auto="1" />
				<Option working_dir="output/" />
				<Option object_output="build/CBLDebug/" />
				<Option type="0" />
				<Option compiler="gcc" />
				<Compiler>
					<Add option="-Wall" />
					<Add option="-g" />
					<Add option="-lefence" />
				</Compiler>
			</Target>
			<Target title="Release">
				<Option output="output/khazad" prefix_auto="1" extension_auto="1" />
				<Option working_dir="output/" />
				<Option object_output="build/CBLRelease/" />
				<Option type="0" />
				<Option compiler="gcc" />
				<Compiler>
					<Add option="-O3" />
					<Add option="-DNDEBUG" />
				</Compiler>
				<Linker>
					<Add option="-s" />
				</Linker>
			</Target>
			<Target title="Profile">
				<Option output="output/khazad" prefix_auto="1" extension_auto="1" />
				<Option working_dir="output/" />
				<Option object_output="build/CBLProfile/" />
				<Option type="0" />
				<Option compiler="gcc" />
				<Compiler>
					<Add option="-O3" />
					<Add option="-pg" />
					<Add option="-DNDEBUG" />
				</Compiler>
				<Linker>
					<Add option="-pg" />
				</Linker>
			</Target>
		</Build>
		<Compiler>
			<Add option="-DILUT_USE_OPENGL" />
			<Add option="-DLINUX_BUILD" />
			<Add directory="dfhack/library/" />
			<Add directory="dfhack/library/md5/" />
			<Add directory="src/Core" />
			<Add directory="src/Data" />
			<Add directory="src/Game" />
			<Add directory="src/Geometry" />
			<Add directory="src/Gui" />
			<Add directory="src/Gui/CustomWidgets" />
			<Add directory="src/Map" />
			<Add directory="src/Render" />
			<Add directory="guichan/include" />
			<Add directory="guichan/src" />
			<Add directory="/usr/include/IL/" />
			<Add directory="TinyXML" />
			<Add directory="/usr/include/SDL/" />
		</Compiler>
		<Linker>
			<Add library="SDL" />
			<Add library="SDLmain" />
			<Add library="SDL_ttf" />
			<Add library="SDL_image" />
			<Add library="SDL_mixer" />
			<Add library="SDL_net" />
			<Add library="GL" />
			<Add library="GLU" />
			<Add library="glut" />
			<Add library="IL" />
			<Add library="ILU" />
			<Add library="ILUT" />
			<Add library="libz" />
			<Add directory="lib" />
		</Linker>
		<Unit filename="TinyXML/tinystr.cpp" />
		<Unit filename="TinyXML/tinystr.h" />
		<Unit filename="TinyXML/tinyxml.cpp" />
		<Unit filename="TinyXML/tinyxml.h" />
		<Unit filename="TinyXML/tinyxmlerror.cpp" />
		<Unit filename="TinyXML/tinyxmlparser.cpp" />
		<Unit filename="dfhack/library/DFCommon.h" />
		<Unit filename="dfhack/library/DFDataModel.cpp" />
		<Unit filename="dfhack/library/DFDataModel.h" />
		<Unit filename="dfhack/library/DFHackAPI.cpp" />
		<Unit filename="dfhack/library/DFHackAPI.h" />
		<Unit filename="dfhack/library/DFMemAccess.h" />
		<Unit filename="dfhack/library/DFMemInfo.cpp" />
		<Unit filename="dfhack/library/DFMemInfo.h" />
		<Unit filename="dfhack/library/DFProcess.cpp" />
		<Unit filename="dfhack/library/DFProcessManager.cpp" />
		<Unit filename="dfhack/library/DFProcessManager.h" />
		<Unit filename="dfhack/library/DFTileTypes.cpp" />
		<Unit filename="dfhack/library/DFTileTypes.h" />
		<Unit filename="dfhack/library/DFTypes.h" />
		<Unit filename="dfhack/library/DFVector.h" />
		<Unit filename="dfhack/library/LinuxMemAccess.h" />
		<Unit filename="dfhack/library/WindowsMemAccess.h" />
		<Unit filename="dfhack/library/md5/md5.cpp" />
		<Unit filename="dfhack/library/md5/md5.h" />
		<Unit filename="dfhack/library/md5/md5wrapper.cpp" />
		<Unit filename="dfhack/library/md5/md5wrapper.h" />
		<Unit filename="guichan/include/guichan.hpp" />
		<Unit filename="guichan/include/guichan/actionevent.hpp" />
		<Unit filename="guichan/include/guichan/actionlistener.hpp" />
		<Unit filename="guichan/include/guichan/allegro.hpp" />
		<Unit filename="guichan/include/guichan/basiccontainer.hpp" />
		<Unit filename="guichan/include/guichan/cliprectangle.hpp" />
		<Unit filename="guichan/include/guichan/color.hpp" />
		<Unit filename="guichan/include/guichan/deathlistener.hpp" />
		<Unit filename="guichan/include/guichan/defaultfont.hpp" />
		<Unit filename="guichan/include/guichan/event.hpp" />
		<Unit filename="guichan/include/guichan/exception.hpp" />
		<Unit filename="guichan/include/guichan/focushandler.hpp" />
		<Unit filename="guichan/include/guichan/focuslistener.hpp" />
		<Unit filename="guichan/include/guichan/font.hpp" />
		<Unit filename="guichan/include/guichan/genericinput.hpp" />
		<Unit filename="guichan/include/guichan/glut.hpp" />
		<Unit filename="guichan/include/guichan/graphics.hpp" />
		<Unit filename="guichan/include/guichan/gui.hpp" />
		<Unit filename="guichan/include/guichan/hge.hpp" />
		<Unit filename="guichan/include/guichan/image.hpp" />
		<Unit filename="guichan/include/guichan/imagefont.hpp" />
		<Unit filename="guichan/include/guichan/imageloader.hpp" />
		<Unit filename="guichan/include/guichan/input.hpp" />
		<Unit filename="guichan/include/guichan/inputevent.hpp" />
		<Unit filename="guichan/include/guichan/key.hpp" />
		<Unit filename="guichan/include/guichan/keyevent.hpp" />
		<Unit filename="guichan/include/guichan/keyinput.hpp" />
		<Unit filename="guichan/include/guichan/keylistener.hpp" />
		<Unit filename="guichan/include/guichan/listmodel.hpp" />
		<Unit filename="guichan/include/guichan/mouseevent.hpp" />
		<Unit filename="guichan/include/guichan/mouseinput.hpp" />
		<Unit filename="guichan/include/guichan/mouselistener.hpp" />
		<Unit filename="guichan/include/guichan/opengl.hpp" />
		<Unit filename="guichan/include/guichan/opengl/openglallegroimageloader.hpp" />
		<Unit filename="guichan/include/guichan/opengl/openglgraphics.hpp" />
		<Unit filename="guichan/include/guichan/opengl/openglimage.hpp" />
		<Unit filename="guichan/include/guichan/opengl/openglsdlimageloader.hpp" />
		<Unit filename="guichan/include/guichan/openlayer.hpp" />
		<Unit filename="guichan/include/guichan/platform.hpp" />
		<Unit filename="guichan/include/guichan/rectangle.hpp" />
		<Unit filename="guichan/include/guichan/sdl/sdlgraphics.hpp" />
		<Unit filename="guichan/include/guichan/sdl/sdlimage.hpp" />
		<Unit filename="guichan/include/guichan/sdl/sdlimageloader.hpp" />
		<Unit filename="guichan/include/guichan/sdl/sdlinput.hpp" />
		<Unit filename="guichan/include/guichan/sdl/sdlpixel.hpp" />
		<Unit filename="guichan/include/guichan/selectionevent.hpp" />
		<Unit filename="guichan/include/guichan/selectionlistener.hpp" />
		<Unit filename="guichan/include/guichan/widget.hpp" />
		<Unit filename="guichan/include/guichan/widgetlistener.hpp" />
		<Unit filename="guichan/include/guichan/widgets/button.hpp" />
		<Unit filename="guichan/include/guichan/widgets/checkbox.hpp" />
		<Unit filename="guichan/include/guichan/widgets/container.hpp" />
		<Unit filename="guichan/include/guichan/widgets/dropdown.hpp" />
		<Unit filename="guichan/include/guichan/widgets/icon.hpp" />
		<Unit filename="guichan/include/guichan/widgets/imagebutton.hpp" />
		<Unit filename="guichan/include/guichan/widgets/label.hpp" />
		<Unit filename="guichan/include/guichan/widgets/listbox.hpp" />
		<Unit filename="guichan/include/guichan/widgets/radiobutton.hpp" />
		<Unit filename="guichan/include/guichan/widgets/scrollarea.hpp" />
		<Unit filename="guichan/include/guichan/widgets/slider.hpp" />
		<Unit filename="guichan/include/guichan/widgets/tab.hpp" />
		<Unit filename="guichan/include/guichan/widgets/tabbedarea.hpp" />
		<Unit filename="guichan/include/guichan/widgets/textbox.hpp" />
		<Unit filename="guichan/include/guichan/widgets/textfield.hpp" />
		<Unit filename="guichan/include/guichan/widgets/window.hpp" />
		<Unit filename="guichan/src/actionevent.cpp" />
		<Unit filename="guichan/src/basiccontainer.cpp" />
		<Unit filename="guichan/src/cliprectangle.cpp" />
		<Unit filename="guichan/src/color.cpp" />
		<Unit filename="guichan/src/defaultfont.cpp" />
		<Unit filename="guichan/src/event.cpp" />
		<Unit filename="guichan/src/exception.cpp" />
		<Unit filename="guichan/src/focushandler.cpp" />
		<Unit filename="guichan/src/font.cpp" />
		<Unit filename="guichan/src/genericinput.cpp" />
		<Unit filename="guichan/src/graphics.cpp" />
		<Unit filename="guichan/src/gui.cpp" />
		<Unit filename="guichan/src/guichan.cpp" />
		<Unit filename="guichan/src/image.cpp" />
		<Unit filename="guichan/src/imagefont.cpp" />
		<Unit filename="guichan/src/inputevent.cpp" />
		<Unit filename="guichan/src/key.cpp" />
		<Unit filename="guichan/src/keyevent.cpp" />
		<Unit filename="guichan/src/keyinput.cpp" />
		<Unit filename="guichan/src/mouseevent.cpp" />
		<Unit filename="guichan/src/mouseinput.cpp" />
		<Unit filename="guichan/src/opengl/opengl.cpp" />
		<Unit filename="guichan/src/opengl/openglgraphics.cpp" />
		<Unit filename="guichan/src/opengl/openglimage.cpp" />
		<Unit filename="guichan/src/rectangle.cpp" />
		<Unit filename="guichan/src/sdl/sdl.cpp" />
		<Unit filename="guichan/src/sdl/sdlgraphics.cpp" />
		<Unit filename="guichan/src/sdl/sdlimage.cpp" />
		<Unit filename="guichan/src/sdl/sdlimageloader.cpp" />
		<Unit filename="guichan/src/sdl/sdlinput.cpp" />
		<Unit filename="guichan/src/selectionevent.cpp" />
		<Unit filename="guichan/src/widget.cpp" />
		<Unit filename="guichan/src/widgets/button.cpp" />
		<Unit filename="guichan/src/widgets/checkbox.cpp" />
		<Unit filename="guichan/src/widgets/container.cpp" />
		<Unit filename="guichan/src/widgets/dropdown.cpp" />
		<Unit filename="guichan/src/widgets/icon.cpp" />
		<Unit filename="guichan/src/widgets/imagebutton.cpp" />
		<Unit filename="guichan/src/widgets/label.cpp" />
		<Unit filename="guichan/src/widgets/listbox.cpp" />
		<Unit filename="guichan/src/widgets/radiobutton.cpp" />
		<Unit filename="guichan/src/widgets/scrollarea.cpp" />
		<Unit filename="guichan/src/widgets/slider.cpp" />
		<Unit filename="guichan/src/widgets/tab.cpp" />
		<Unit filename="guichan/src/widgets/tabbedarea.cpp" />
		<Unit filename="guichan/src/widgets/textbox.cpp" />
		<Unit filename="guichan/src/widgets/textfield.cpp" />
		<Unit filename="guichan/src/widgets/window.cpp" />
		<Unit filename="src/Core/Enum.h" />
		<Unit filename="src/Core/Random.cpp" />
		<Unit filename="src/Core/Random.h" />
		<Unit filename="src/Core/Singleton.h" />
		<Unit filename="src/Core/Timer.cpp" />
		<Unit filename="src/Core/Timer.h" />
		<Unit filename="src/Core/main.cpp" />
		<Unit filename="src/Core/stdafx.h" />
		<Unit filename="src/Data/ConfigManager.cpp" />
		<Unit filename="src/Data/ConfigManager.h" />
		<Unit filename="src/Data/DataManager.cpp" />
		<Unit filename="src/Data/DataManager.h" />
		<Unit filename="src/Data/DataTypes.cpp" />
		<Unit filename="src/Data/DataTypes.h" />
		<Unit filename="src/Data/Paths.cpp" />
		<Unit filename="src/Data/Paths.h" />
		<Unit filename="src/Data/XMLManager.cpp" />
		<Unit filename="src/Data/XMLManager.h" />
		<Unit filename="src/Game/Actor.cpp" />
		<Unit filename="src/Game/Actor.h" />
		<Unit filename="src/Game/Furniture.cpp" />
		<Unit filename="src/Game/Furniture.h" />
		<Unit filename="src/Game/Game.cpp" />
		<Unit filename="src/Game/Game.h" />
		<Unit filename="src/Game/Pawn.cpp" />
		<Unit filename="src/Game/Pawn.h" />
		<Unit filename="src/Geometry/Plane.cpp" />
		<Unit filename="src/Geometry/Plane.h" />
		<Unit filename="src/Geometry/Vector2.cpp" />
		<Unit filename="src/Geometry/Vector3.cpp" />
		<Unit filename="src/Geometry/Vector3.h" />
		<Unit filename="src/Gui/ActionListeners.h" />
		<Unit filename="src/Gui/CustomWidgets/KhazButton.cpp" />
		<Unit filename="src/Gui/CustomWidgets/KhazButton.hpp" />
		<Unit filename="src/Gui/CustomWidgets/KhazSlider.cpp" />
		<Unit filename="src/Gui/CustomWidgets/KhazSlider.hpp" />
		<Unit filename="src/Gui/CustomWidgets/KhazWindow.cpp" />
		<Unit filename="src/Gui/CustomWidgets/KhazWindow.hpp" />
		<Unit filename="src/Gui/CustomWidgets/KhazToggleButton.cpp" />
        <Unit filename="src/Gui/CustomWidgets/KhazToggleButton.hpp" />
		<Unit filename="src/Gui/FontManager.cpp" />
		<Unit filename="src/Gui/FontManager.h" />
		<Unit filename="src/Gui/Gui.cpp" />
		<Unit filename="src/Gui/Gui.h" />
		<Unit filename="src/Gui/InputManager.cpp" />
		<Unit filename="src/Gui/InputManager.h" />
		<Unit filename="src/Map/Building.cpp" />
		<Unit filename="src/Map/Building.h" />
		<Unit filename="src/Map/Cell.cpp" />
		<Unit filename="src/Map/Cell.h" />
		<Unit filename="src/Map/Column.cpp" />
		<Unit filename="src/Map/Column.h" />
		<Unit filename="src/Map/Map.cpp" />
		<Unit filename="src/Map/Map.h" />
		<Unit filename="src/Map/Tree.cpp" />
		<Unit filename="src/Map/Tree.h" />
		<Unit filename="src/Render/Camera.cpp" />
		<Unit filename="src/Render/Camera.h" />
		<Unit filename="src/Render/ClipImage.cpp" />
		<Unit filename="src/Render/ClipImage.h" />
		<Unit filename="src/Render/ColorManager.cpp" />
		<Unit filename="src/Render/ColorManager.h" />
		<Unit filename="src/Render/ImageManager.cpp" />
		<Unit filename="src/Render/ImageManager.h" />
		<Unit filename="src/Render/ImagePage.cpp" />
		<Unit filename="src/Render/ImagePage.h" />
		<Unit filename="src/Render/Model.h" />
		<Unit filename="src/Render/ModelManager.cpp" />
		<Unit filename="src/Render/ModelManager.h" />
		<Unit filename="src/Render/Renderer.cpp" />
		<Unit filename="src/Render/Renderer.h" />
		<Unit filename="src/Render/TextureManager.cpp" />
		<Unit filename="src/Render/TextureManager.h" />
		<Unit filename="src/Render/TreeManager.cpp" />
		<Unit filename="src/Render/TreeManager.h" />
		<Extensions>
			<code_completion />
			<envvars />
			<debugger />
		</Extensions>
	</Project>
</CodeBlocks_project_file>
