<?xml version="1.0" encoding="UTF-8" standalone="yes" ?>
<CodeBlocks_project_file>
	<FileVersion major="1" minor="6" />
	<Project>
		<Option title="Khazad" />
		<Option pch_mode="2" />
		<Option compiler="gcc" />
		<Build>
			<Target title="Windows Debug">
				<Option platforms="Windows;" />
				<Option output="../../Distribution/Khazad_Debug" prefix_auto="1" extension_auto="1" />
				<Option working_dir="../../Distribution" />
				<Option object_output="../../obj/Debug/" />
				<Option type="0" />
				<Option compiler="gcc" />
				<Compiler>
					<Add option="-pg" />
					<Add option="-g" />
					<Add option="-mthreads" />
					<Add option="-DKHAZAD_DEBUG" />
					<Add option="-DWIN32" />
					<Add option="-D_WINDOWS" />
					<Add directory="../../OgreSDK_MinGW_v1-8-1/include/OIS" />
					<Add directory="../../OgreSDK_MinGW_v1-8-1/include/OGRE" />
					<Add directory="../../boost_1_51_0" />
					<Add directory="../../CEGUI-SDK-0.7.9-mingw/cegui/include" />
					<Add directory="../../CEGUI-SDK-0.7.9-mingw/cegui/include/RendererModules/Ogre" />
					<Add directory="../../DevIL/include" />
				</Compiler>
				<Linker>
					<Add option="-pg -lgmon" />
					<Add option="-Wl,--enable-runtime-pseudo-reloc" />
					<Add option="-Wl,--enable-auto-image-base" />
					<Add option="-Wl,--add-stdcall-alias" />
					<Add option="-Wl,--enable-auto-import" />
					<Add directory="../../OgreSDK_MinGW_v1-8-1/bin/release" />
					<Add directory="../../DevIL/lib" />
					<Add directory="../../CEGUI-SDK-0.7.9-mingw/lib/release" />
					<Add directory="../../OgreSDK_MinGW_v1-8-1/boost/lib" />
				</Linker>
			</Target>
			<Target title="Windows Release">
				<Option platforms="Windows;" />
				<Option output="../../Distribution/Khazad" prefix_auto="1" extension_auto="1" />
				<Option working_dir="../../Distribution" />
				<Option object_output="../../obj/Release/" />
				<Option type="0" />
				<Option compiler="gcc" />
				<Compiler>
					<Add option="-O2" />
					<Add option="-mthreads" />
					<Add option="-DNDEBUG" />
					<Add option="-DWIN32" />
					<Add option="-D_WINDOWS" />
					<Add directory="../../OgreSDK_MinGW_v1-8-1/include/OIS" />
					<Add directory="../../OgreSDK_MinGW_v1-8-1/include/OGRE" />
					<Add directory="../../boost_1_51_0" />
					<Add directory="../../CEGUI-SDK-0.7.9-mingw/cegui/include" />
					<Add directory="../../CEGUI-SDK-0.7.9-mingw/cegui/include/RendererModules/Ogre" />
					<Add directory="../../DevIL/include" />
				</Compiler>
				<Linker>
					<Add option="-s" />
					<Add option="-Wl,--enable-runtime-pseudo-reloc" />
					<Add option="-Wl,--enable-auto-image-base" />
					<Add option="-Wl,--add-stdcall-alias" />
					<Add option="-Wl,--enable-auto-import" />
					<Add directory="../../CEGUI-SDK-0.7.9-mingw/lib/release" />
					<Add directory="../../OgreSDK_MinGW_v1-8-1/bin/release" />
					<Add directory="../../DevIL/lib" />
					<Add directory="../../OgreSDK_MinGW_v1-8-1/boost/lib" />
				</Linker>
			</Target>
			<Target title="Linux Debug">
				<Option platforms="Unix;" />
				<Option output="../../Distribution/Khazad_Debug" prefix_auto="1" extension_auto="1" />
				<Option working_dir="../../Distribution" />
				<Option object_output="../../obj/Debug/" />
				<Option type="0" />
				<Option compiler="gcc" />
				<Compiler>
					<Add option="-g" />
					<Add option="-DKHAZAD_DEBUG" />
					<Add option="-DLINUX_BUILD" />
					<Add directory="/usr/local/include/OIS" />
					<Add directory="/usr/local/include/OGRE" />
					<Add directory="/usr/local/include/CEGUI" />
					<Add directory="/usr/local/include/CEGUI/RendererModules/Ogre" />
					<Add directory="/usr/include/OGRE/" />
					<Add directory="/usr/include/OIS/" />
					<Add directory="/usr/include/CEGUI/" />
					<Add directory="/usr/include/CEGUI/RendererModules/Ogre/" />
				</Compiler>
				<Linker>
					<Add option="-Wl" />
					<Add library="OgreMain" />
					<Add library="CEGUIBase" />
					<Add library="CEGUIOgreRenderer" />
					<Add library="OIS" />
					<Add library="boost_system" />
					<Add library="boost_thread" />
					<Add library="boost_serialization" />
					<Add library="boost_filesystem" />
					<Add library="ILU" />
					<Add directory="/usr/local/lib" />
				</Linker>
			</Target>
			<Target title="Linux Release">
				<Option platforms="Unix;" />
				<Option output="../../Distribution/Khazad" prefix_auto="1" extension_auto="1" />
				<Option working_dir="../../Distribution" />
				<Option object_output="../../obj/Release/" />
				<Option type="0" />
				<Option compiler="gcc" />
				<Compiler>
					<Add option="-O2" />
					<Add option="-DNDEBUG" />
					<Add option="-DLINUX_BUILD" />
					<Add directory="/usr/local/include/OIS" />
					<Add directory="/usr/local/include/OGRE" />
					<Add directory="/usr/local/include/CEGUI" />
					<Add directory="/usr/local/include/CEGUI/RendererModules/Ogre" />
				</Compiler>
				<Linker>
					<Add option="-s" />
					<Add option="-Wl" />
					<Add directory="/usr/local/lib" />
				</Linker>
			</Target>
		</Build>
		<Compiler>
			<Add option="-Wall" />
			<Add option="-fmessage-length=0" />
			<Add option="-fexceptions" />
			<Add option="-fident" />
			<Add option="-static-libgcc" />
			<Add option="-static-libstdc++" />
			<Add option="-DBOOST_THREAD_USE_LIB" />
			<Add directory="../../Source/Core" />
			<Add directory="../../Source/GUI" />
			<Add directory="../../Source/Renderer" />
			<Add directory="../../Source/Data" />
			<Add directory="../../Source/TinyXML" />
			<Add directory="../../Source/Map" />
			<Add directory="../../Source/Game" />
			<Add directory="../../Source/Pathing" />
			<Add directory="../../Source/Terrain" />
			<Add directory="../../boost_1_51_0" />
			<Add directory="../../CEGUI-SDK-0.7.9-mingw/cegui/include" />
			<Add directory="../../DevIL/include" />
		</Compiler>
		<Linker>
			<Add option="-static-libgcc" />
		</Linker>
		<Unit filename="../../Distribution/Media/GUI/fonts/Carolingia.font" />
		<Unit filename="../../Distribution/Media/GUI/imagesets/ArkanaLook.imageset" />
		<Unit filename="../../Distribution/Media/GUI/imagesets/Vanilla.imageset" />
		<Unit filename="../../Distribution/Media/GUI/layouts/Demo7Windows.layout" />
		<Unit filename="../../Distribution/Media/GUI/layouts/Demo8.layout" />
		<Unit filename="../../Distribution/Media/GUI/layouts/DragDropDemo.layout" />
		<Unit filename="../../Distribution/Media/GUI/layouts/FontDemo.layout" />
		<Unit filename="../../Distribution/Media/GUI/layouts/GameSetupScreen.layout" />
		<Unit filename="../../Distribution/Media/GUI/layouts/MainGameScreen.layout" />
		<Unit filename="../../Distribution/Media/GUI/layouts/SplashScreen.layout" />
		<Unit filename="../../Distribution/Media/GUI/layouts/TabControlDemo.layout" />
		<Unit filename="../../Distribution/Media/GUI/layouts/TabPage.layout" />
		<Unit filename="../../Distribution/Media/GUI/layouts/TabPage1.layout" />
		<Unit filename="../../Distribution/Media/GUI/layouts/TabPage2.layout" />
		<Unit filename="../../Distribution/Media/GUI/layouts/TextDemo.layout" />
		<Unit filename="../../Distribution/Media/GUI/layouts/TreeDemoTaharez.layout" />
		<Unit filename="../../Distribution/Media/GUI/layouts/VanillaConsole.layout" />
		<Unit filename="../../Distribution/Media/GUI/layouts/VanillaWindows.layout" />
		<Unit filename="../../Distribution/Media/GUI/looknfeel/ArkanaLook.BigProgressbar.looknfeel" />
		<Unit filename="../../Distribution/Media/GUI/looknfeel/ArkanaLook.Button.looknfeel" />
		<Unit filename="../../Distribution/Media/GUI/looknfeel/ArkanaLook.CheckboxLabelLeft.looknfeel" />
		<Unit filename="../../Distribution/Media/GUI/looknfeel/ArkanaLook.CheckboxLabelRight.looknfeel" />
		<Unit filename="../../Distribution/Media/GUI/looknfeel/ArkanaLook.ComboDropList.looknfeel" />
		<Unit filename="../../Distribution/Media/GUI/looknfeel/ArkanaLook.Combobox.looknfeel" />
		<Unit filename="../../Distribution/Media/GUI/looknfeel/ArkanaLook.ContainerBox.looknfeel" />
		<Unit filename="../../Distribution/Media/GUI/looknfeel/ArkanaLook.DecoButton.looknfeel" />
		<Unit filename="../../Distribution/Media/GUI/looknfeel/ArkanaLook.DecoButtonTxt.looknfeel" />
		<Unit filename="../../Distribution/Media/GUI/looknfeel/ArkanaLook.Editbox.looknfeel" />
		<Unit filename="../../Distribution/Media/GUI/looknfeel/ArkanaLook.EditboxNoRightBorder.looknfeel" />
		<Unit filename="../../Distribution/Media/GUI/looknfeel/ArkanaLook.FrameWindow.looknfeel" />
		<Unit filename="../../Distribution/Media/GUI/looknfeel/ArkanaLook.HorizontalDecoScrollbar.looknfeel" />
		<Unit filename="../../Distribution/Media/GUI/looknfeel/ArkanaLook.Image.looknfeel" />
		<Unit filename="../../Distribution/Media/GUI/looknfeel/ArkanaLook.Label.looknfeel" />
		<Unit filename="../../Distribution/Media/GUI/looknfeel/ArkanaLook.Listbox.looknfeel" />
		<Unit filename="../../Distribution/Media/GUI/looknfeel/ArkanaLook.MenuButton.looknfeel" />
		<Unit filename="../../Distribution/Media/GUI/looknfeel/ArkanaLook.MenuItem.looknfeel" />
		<Unit filename="../../Distribution/Media/GUI/looknfeel/ArkanaLook.MultiLineEditbox.looknfeel" />
		<Unit filename="../../Distribution/Media/GUI/looknfeel/ArkanaLook.PopupMenu.looknfeel" />
		<Unit filename="../../Distribution/Media/GUI/looknfeel/ArkanaLook.Progressbar.looknfeel" />
		<Unit filename="../../Distribution/Media/GUI/looknfeel/ArkanaLook.RadioButtonLabelLeft.looknfeel" />
		<Unit filename="../../Distribution/Media/GUI/looknfeel/ArkanaLook.RadioButtonLabelRight.looknfeel" />
		<Unit filename="../../Distribution/Media/GUI/looknfeel/ArkanaLook.ShadowedLabel.looknfeel" />
		<Unit filename="../../Distribution/Media/GUI/looknfeel/ArkanaLook.Spinner.looknfeel" />
		<Unit filename="../../Distribution/Media/GUI/looknfeel/ArkanaLook.StaticFrame.looknfeel" />
		<Unit filename="../../Distribution/Media/GUI/looknfeel/ArkanaLook.StaticFrameNoText.looknfeel" />
		<Unit filename="../../Distribution/Media/GUI/looknfeel/ArkanaLook.StaticText.looknfeel" />
		<Unit filename="../../Distribution/Media/GUI/looknfeel/ArkanaLook.SystemButton.looknfeel" />
		<Unit filename="../../Distribution/Media/GUI/looknfeel/ArkanaLook.Titlebar.looknfeel" />
		<Unit filename="../../Distribution/Media/GUI/looknfeel/ArkanaLook.Tooltip.looknfeel" />
		<Unit filename="../../Distribution/Media/GUI/looknfeel/ArkanaLook.VerticalDecoScrollbar.looknfeel" />
		<Unit filename="../../Distribution/Media/GUI/schemes/ArkanaLook.scheme" />
		<Unit filename="../../Source/Core/Random.cpp" />
		<Unit filename="../../Source/Core/Random.h" />
		<Unit filename="../../Source/Core/Singleton.h" />
		<Unit filename="../../Source/Core/Timer.cpp" />
		<Unit filename="../../Source/Core/Timer.h" />
		<Unit filename="../../Source/Core/main.cpp" />
		<Unit filename="../../Source/Core/stdafx.h" />
		<Unit filename="../../Source/Data/ConfigManager.cpp" />
		<Unit filename="../../Source/Data/ConfigManager.h" />
		<Unit filename="../../Source/Data/DataManager.cpp" />
		<Unit filename="../../Source/Data/DataManager.h" />
		<Unit filename="../../Source/Data/DataTypes.cpp" />
		<Unit filename="../../Source/Data/DataTypes.h" />
		<Unit filename="../../Source/Data/Paths.cpp" />
		<Unit filename="../../Source/Data/Paths.h" />
		<Unit filename="../../Source/Data/XMLManager.cpp" />
		<Unit filename="../../Source/Data/XMLManager.h" />
		<Unit filename="../../Source/GUI/GUI.cpp" />
		<Unit filename="../../Source/GUI/GUI.h" />
		<Unit filename="../../Source/GUI/GameSetup.cpp" />
		<Unit filename="../../Source/GUI/GameSetup.h" />
		<Unit filename="../../Source/GUI/InputManager.cpp" />
		<Unit filename="../../Source/GUI/InputManager.h" />
		<Unit filename="../../Source/GUI/MainGameScreen.cpp" />
		<Unit filename="../../Source/GUI/MainGameScreen.h" />
		<Unit filename="../../Source/GUI/ScreenBase.h" />
		<Unit filename="../../Source/GUI/Selection.cpp" />
		<Unit filename="../../Source/GUI/Selection.h" />
		<Unit filename="../../Source/GUI/SplashScreen.cpp" />
		<Unit filename="../../Source/GUI/SplashScreen.h" />
		<Unit filename="../../Source/Game/Actor.cpp" />
		<Unit filename="../../Source/Game/Actor.h" />
		<Unit filename="../../Source/Game/Building.cpp" />
		<Unit filename="../../Source/Game/Building.h" />
		<Unit filename="../../Source/Game/Citizen.cpp" />
		<Unit filename="../../Source/Game/Citizen.h" />
		<Unit filename="../../Source/Game/Furniture.cpp" />
		<Unit filename="../../Source/Game/Furniture.h" />
		<Unit filename="../../Source/Game/Game.cpp" />
		<Unit filename="../../Source/Game/Game.h" />
		<Unit filename="../../Source/Game/Job.cpp" />
		<Unit filename="../../Source/Game/Job.h" />
		<Unit filename="../../Source/Game/Pawn.cpp" />
		<Unit filename="../../Source/Game/Pawn.h" />
		<Unit filename="../../Source/Game/Settlment.cpp" />
		<Unit filename="../../Source/Game/Settlment.h" />
		<Unit filename="../../Source/Game/Temporal.cpp" />
		<Unit filename="../../Source/Game/Temporal.h" />
		<Unit filename="../../Source/Game/Tree.cpp" />
		<Unit filename="../../Source/Game/Tree.h" />
		<Unit filename="../../Source/Map/Cell.cpp" />
		<Unit filename="../../Source/Map/Cell.h" />
		<Unit filename="../../Source/Map/Coordinates.cpp" />
		<Unit filename="../../Source/Map/Coordinates.h" />
		<Unit filename="../../Source/Map/Direction.cpp" />
		<Unit filename="../../Source/Map/Direction.h" />
		<Unit filename="../../Source/Map/Face.cpp" />
		<Unit filename="../../Source/Map/Face.h" />
		<Unit filename="../../Source/Map/Map.cpp" />
		<Unit filename="../../Source/Map/Map.h" />
		<Unit filename="../../Source/Map/TileShapes.cpp" />
		<Unit filename="../../Source/Map/TileShapes.h" />
		<Unit filename="../../Source/Map/Zone.cpp" />
		<Unit filename="../../Source/Map/Zone.h" />
		<Unit filename="../../Source/Pathing/Astar.cpp" />
		<Unit filename="../../Source/Pathing/Astar.h" />
		<Unit filename="../../Source/Pathing/Cubezone.h" />
		<Unit filename="../../Source/Pathing/Grid.cpp" />
		<Unit filename="../../Source/Pathing/Grid.h" />
		<Unit filename="../../Source/Pathing/Gridzone.h" />
		<Unit filename="../../Source/Pathing/Heuristics.h" />
		<Unit filename="../../Source/Pathing/MovementController.cpp" />
		<Unit filename="../../Source/Pathing/MovementController.h" />
		<Unit filename="../../Source/Pathing/Node.h" />
		<Unit filename="../../Source/Pathing/Path.cpp" />
		<Unit filename="../../Source/Pathing/Path.h" />
		<Unit filename="../../Source/Pathing/PathManager.cpp" />
		<Unit filename="../../Source/Pathing/PathManager.h" />
		<Unit filename="../../Source/Pathing/PathTester.cpp" />
		<Unit filename="../../Source/Pathing/PathTester.h" />
		<Unit filename="../../Source/Pathing/Pool.h" />
		<Unit filename="../../Source/Pathing/Zone.cpp" />
		<Unit filename="../../Source/Pathing/Zone.h" />
		<Unit filename="../../Source/Renderer/Camera.cpp" />
		<Unit filename="../../Source/Renderer/Camera.h" />
		<Unit filename="../../Source/Renderer/ImageManager.cpp" />
		<Unit filename="../../Source/Renderer/ImageManager.h" />
		<Unit filename="../../Source/Renderer/Renderer.cpp" />
		<Unit filename="../../Source/Renderer/Renderer.h" />
		<Unit filename="../../Source/Renderer/ShapeManager.cpp" />
		<Unit filename="../../Source/Renderer/ShapeManager.h" />
		<Unit filename="../../Source/Renderer/TerrainRender.cpp" />
		<Unit filename="../../Source/Renderer/TerrainRender.h" />
		<Unit filename="../../Source/Renderer/TextureManager.cpp" />
		<Unit filename="../../Source/Renderer/TextureManager.h" />
		<Unit filename="../../Source/Renderer/WireFrame.cpp" />
		<Unit filename="../../Source/Renderer/WireFrame.h" />
		<Unit filename="../../Source/Terrain/Geology.cpp" />
		<Unit filename="../../Source/Terrain/Geology.h" />
		<Unit filename="../../Source/Terrain/Noise.cpp" />
		<Unit filename="../../Source/Terrain/Noise.h" />
		<Unit filename="../../Source/TinyXML/tinystr.cpp" />
		<Unit filename="../../Source/TinyXML/tinystr.h" />
		<Unit filename="../../Source/TinyXML/tinyxml.cpp" />
		<Unit filename="../../Source/TinyXML/tinyxml.h" />
		<Unit filename="../../Source/TinyXML/tinyxmlerror.cpp" />
		<Unit filename="../../Source/TinyXML/tinyxmlparser.cpp" />
		<Extensions>
			<code_completion />
			<envvars />
			<debugger />
			<lib_finder disable_auto="1" />
			<DoxyBlocks>
				<comment_style block="0" line="0" />
				<doxyfile_project />
				<doxyfile_build />
				<doxyfile_warnings />
				<doxyfile_output />
				<doxyfile_dot />
				<general />
			</DoxyBlocks>
		</Extensions>
	</Project>
</CodeBlocks_project_file>
